
Microsoft Visual Studio Solution File, Format Version 12.00
# Visual Studio Version 17
VisualStudioVersion = 17.5.002.0
MinimumVisualStudioVersion = 10.0.40219.1
Project("{9A19103F-16F7-4668-BE54-9A1E7A4F7556}") = "DevTeams.UI", "DevTeams.UI.csproj", "{81B5F3B0-11A9-4023-A4F4-1BD1D0EB3F71}"
EndProject
Global
	GlobalSection(SolutionConfigurationPlatforms) = preSolution
		Debug|Any CPU = Debug|Any CPU
		Release|Any CPU = Release|Any CPU
	EndGlobalSection
	GlobalSection(ProjectConfigurationPlatforms) = postSolution
		{81B5F3B0-11A9-4023-A4F4-1BD1D0EB3F71}.Debug|Any CPU.ActiveCfg = Debug|Any CPU
		{81B5F3B0-11A9-4023-A4F4-1BD1D0EB3F71}.Debug|Any CPU.Build.0 = Debug|Any CPU
		{81B5F3B0-11A9-4023-A4F4-1BD1D0EB3F71}.Release|Any CPU.ActiveCfg = Release|Any CPU
		{81B5F3B0-11A9-4023-A4F4-1BD1D0EB3F71}.Release|Any CPU.Build.0 = Release|Any CPU
	EndGlobalSection
	GlobalSection(SolutionProperties) = preSolution
		HideSolutionNode = FALSE
	EndGlobalSection
	GlobalSection(ExtensibilityGlobals) = postSolution
		SolutionGuid = {28D777F5-A43D-41CA-AA2A-D7EA151C52BC}
	EndGlobalSection
EndGlobal
